hash: e05e76dceac9f722635d02d5c7a7e1db34c034ecb9cda3612f78dacb7e006f70
updated: 2017-11-24T10:32:31.862568285+01:00
imports:
- name: github.com/aws/aws-sdk-go
  version: 9365c0c6f32778b59eb41491629d37721658efb8
  subpackages:
  - aws
  - aws/awserr
  - aws/awsutil
  - aws/client
  - aws/client/metadata
  - aws/corehandlers
  - aws/credentials
  - aws/credentials/ec2rolecreds
  - aws/credentials/endpointcreds
  - aws/credentials/stscreds
  - aws/defaults
  - aws/ec2metadata
  - aws/endpoints
  - aws/request
  - aws/session
  - aws/signer/v4
  - internal/shareddefaults
  - private/protocol
  - private/protocol/query
  - private/protocol/query/queryutil
  - private/protocol/rest
  - private/protocol/xml/xmlutil
  - service/cloudformation
  - service/sts
- name: github.com/crewjam/go-cloudformation
  version: d3183a4759da92da1e846521444ad08216b7f20e
- name: github.com/go-ini/ini
  version: 32e4c1e6bc4e7d0d8451aa6b75200d19e37a536a
- name: github.com/inconshreveable/mousetrap
  version: 76626ae9c91c4f2a10f34cad8ce83ea42c93bb75
- name: github.com/jmespath/go-jmespath
  version: dd801d4f4ce7ac746e7e7b4489d2fa600b3b096b
- name: github.com/moby/tool
  version: 63a5dedd28a459900eba56dd191edaeb688cfdf4
  subpackages:
  - src/moby
- name: github.com/Sirupsen/logrus
  version: 95cd2b9c79aa5e72ab0bc69b7ccc2be15bf850f6
  repo: git@github.com:/sirupsen/logrus
  vcs: git
- name: github.com/sirupsen/logrus
  version: 95cd2b9c79aa5e72ab0bc69b7ccc2be15bf850f6
- name: github.com/spf13/cobra
  version: 1be1d2841c773c01bee8289f55f7463b6e2c2539
- name: github.com/spf13/pflag
  version: 4c012f6dcd9546820e378d0bdda4d8fc772cdfea
- name: golang.org/x/crypto
  version: b080dc9a8c480b08e698fb1219160d598526310f
  subpackages:
  - ssh/terminal
- name: golang.org/x/sys
  version: a13efeb2fd213cf4be7227992aa54519af3b2ac0
  subpackages:
  - unix
  - windows
- name: gopkg.in/yaml.v2
  version: 287cf08546ab5e7e37d55a84f7ed3fd1db036de5
- name: k8s.io/api
  version: 218912509d74a117d05a718bb926d0948e531c20
  subpackages:
  - extensions/v1beta1
- name: k8s.io/apimachinery
  version: e9a29eff7d472df0f7da9ead5ab59b74e74a07ec
  subpackages:
  - pkg/util/yaml
testImports:
- name: github.com/stretchr/testify
  version: f6abca593680b2315d2075e0f5e2a9751e3f431a
  subpackages:
  - require
