hash: 1622c801e551eb55dadb6a06abb0ea9c2f62545f39a292556fcc020291affcc6
updated: 2018-02-17T06:49:02.226827+01:00
imports:
- name: github.com/aws/aws-sdk-go
  version: b80dd2206c8eba8afd8930df003d126a7905d2d2
  subpackages:
  - aws
  - aws/awserr
  - aws/awsutil
  - aws/client
  - aws/client/metadata
  - aws/corehandlers
  - aws/credentials
  - aws/credentials/ec2rolecreds
  - aws/credentials/endpointcreds
  - aws/credentials/stscreds
  - aws/defaults
  - aws/ec2metadata
  - aws/endpoints
  - aws/request
  - aws/session
  - aws/signer/v4
  - internal/sdkrand
  - internal/shareddefaults
  - private/protocol
  - private/protocol/query
  - private/protocol/query/queryutil
  - private/protocol/rest
  - private/protocol/xml/xmlutil
  - service/cloudformation
  - service/elb
  - service/sts
- name: github.com/crewjam/go-cloudformation
  version: d3183a4759da92da1e846521444ad08216b7f20e
- name: github.com/go-ini/ini
  version: 32e4be5f41bb918afb6e37c07426e2ddbcb6647e
- name: github.com/google/uuid
  version: dec09d789f3dba190787f8b4454c7d3c936fed9e
- name: github.com/inconshreveable/mousetrap
  version: 76626ae9c91c4f2a10f34cad8ce83ea42c93bb75
- name: github.com/jmespath/go-jmespath
  version: c2b33e8439af944379acbdd9c3a5fe0bc44bd8a5
- name: github.com/moby/tool
  version: 830794f3c07d172aba29b9333248ad05b27a1267
  subpackages:
  - src/moby
- name: github.com/sirupsen/logrus
  version: d682213848ed68c0a260ca37d6dd5ace8423f5ba
- name: github.com/spf13/cobra
  version: be77323fc05148ef091e83b3866c0d47c8e74a8b
- name: github.com/spf13/pflag
  version: 6a877ebacf28c5fc79846f4fcd380a5d9872b997
- name: gopkg.in/yaml.v2
  version: d670f9405373e636a5a2765eea47fac0c9bc91a4
- name: k8s.io/api
  version: b378c47b2dcba7f5c3ef97d8a5a0b3821ec6a001
  subpackages:
  - extensions/v1beta1
- name: k8s.io/apimachinery
  version: e9a29eff7d472df0f7da9ead5ab59b74e74a07ec
  subpackages:
  - pkg/util/yaml
testImports:
- name: github.com/davecgh/go-spew
  version: 04cdfd42973bb9c8589fd6a731800cf222fde1a9
  subpackages:
  - spew
- name: github.com/pmezard/go-difflib
  version: d8ed2627bdf02c080bf22230dbb337003b7aba2d
  subpackages:
  - difflib
- name: github.com/stretchr/testify
  version: f6abca593680b2315d2075e0f5e2a9751e3f431a
  subpackages:
  - assert
  - require
